
Microsoft Visual Studio Solution File, Format Version 12.00
# Visual Studio 15
VisualStudioVersion = 15.0.26124.0
MinimumVisualStudioVersion = 15.0.26124.0
Project("{FAE04EC0-301F-11D3-BF4B-00C04F79EFBC}") = "Api", "Api\Api.csproj", "{F8886F6C-195C-4502-98DE-AD8E873D3006}"
EndProject
Project("{FAE04EC0-301F-11D3-BF4B-00C04F79EFBC}") = "BusinessLogic", "BusinessLogic\BusinessLogic.csproj", "{2BB13520-2C1B-416F-B754-703F0D37C9D7}"
EndProject
Project("{FAE04EC0-301F-11D3-BF4B-00C04F79EFBC}") = "BusinessLogicModel", "BusinessLogicModel\BusinessLogicModel.csproj", "{9DAFB178-2ED9-481D-ABF5-7E507A6D8FA2}"
EndProject
Project("{FAE04EC0-301F-11D3-BF4B-00C04F79EFBC}") = "DataAccessModel", "DataAccessModel\DataAccessModel.csproj", "{72088CFE-E623-4700-A2BD-7A9A32A50504}"
EndProject
Project("{FAE04EC0-301F-11D3-BF4B-00C04F79EFBC}") = "DataAccess", "DataAccess\DataAccess.csproj", "{65E8ED2F-4788-4360-876F-44EECED58690}"
EndProject
Global
	GlobalSection(SolutionConfigurationPlatforms) = preSolution
		Debug|Any CPU = Debug|Any CPU
		Debug|x64 = Debug|x64
		Debug|x86 = Debug|x86
		Release|Any CPU = Release|Any CPU
		Release|x64 = Release|x64
		Release|x86 = Release|x86
	EndGlobalSection
	GlobalSection(SolutionProperties) = preSolution
		HideSolutionNode = FALSE
	EndGlobalSection
	GlobalSection(ProjectConfigurationPlatforms) = postSolution
		{F8886F6C-195C-4502-98DE-AD8E873D3006}.Debug|Any CPU.ActiveCfg = Debug|Any CPU
		{F8886F6C-195C-4502-98DE-AD8E873D3006}.Debug|Any CPU.Build.0 = Debug|Any CPU
		{F8886F6C-195C-4502-98DE-AD8E873D3006}.Debug|x64.ActiveCfg = Debug|x64
		{F8886F6C-195C-4502-98DE-AD8E873D3006}.Debug|x64.Build.0 = Debug|x64
		{F8886F6C-195C-4502-98DE-AD8E873D3006}.Debug|x86.ActiveCfg = Debug|x86
		{F8886F6C-195C-4502-98DE-AD8E873D3006}.Debug|x86.Build.0 = Debug|x86
		{F8886F6C-195C-4502-98DE-AD8E873D3006}.Release|Any CPU.ActiveCfg = Release|Any CPU
		{F8886F6C-195C-4502-98DE-AD8E873D3006}.Release|Any CPU.Build.0 = Release|Any CPU
		{F8886F6C-195C-4502-98DE-AD8E873D3006}.Release|x64.ActiveCfg = Release|x64
		{F8886F6C-195C-4502-98DE-AD8E873D3006}.Release|x64.Build.0 = Release|x64
		{F8886F6C-195C-4502-98DE-AD8E873D3006}.Release|x86.ActiveCfg = Release|x86
		{F8886F6C-195C-4502-98DE-AD8E873D3006}.Release|x86.Build.0 = Release|x86
		{2BB13520-2C1B-416F-B754-703F0D37C9D7}.Debug|Any CPU.ActiveCfg = Debug|Any CPU
		{2BB13520-2C1B-416F-B754-703F0D37C9D7}.Debug|Any CPU.Build.0 = Debug|Any CPU
		{2BB13520-2C1B-416F-B754-703F0D37C9D7}.Debug|x64.ActiveCfg = Debug|x64
		{2BB13520-2C1B-416F-B754-703F0D37C9D7}.Debug|x64.Build.0 = Debug|x64
		{2BB13520-2C1B-416F-B754-703F0D37C9D7}.Debug|x86.ActiveCfg = Debug|x86
		{2BB13520-2C1B-416F-B754-703F0D37C9D7}.Debug|x86.Build.0 = Debug|x86
		{2BB13520-2C1B-416F-B754-703F0D37C9D7}.Release|Any CPU.ActiveCfg = Release|Any CPU
		{2BB13520-2C1B-416F-B754-703F0D37C9D7}.Release|Any CPU.Build.0 = Release|Any CPU
		{2BB13520-2C1B-416F-B754-703F0D37C9D7}.Release|x64.ActiveCfg = Release|x64
		{2BB13520-2C1B-416F-B754-703F0D37C9D7}.Release|x64.Build.0 = Release|x64
		{2BB13520-2C1B-416F-B754-703F0D37C9D7}.Release|x86.ActiveCfg = Release|x86
		{2BB13520-2C1B-416F-B754-703F0D37C9D7}.Release|x86.Build.0 = Release|x86
		{9DAFB178-2ED9-481D-ABF5-7E507A6D8FA2}.Debug|Any CPU.ActiveCfg = Debug|Any CPU
		{9DAFB178-2ED9-481D-ABF5-7E507A6D8FA2}.Debug|Any CPU.Build.0 = Debug|Any CPU
		{9DAFB178-2ED9-481D-ABF5-7E507A6D8FA2}.Debug|x64.ActiveCfg = Debug|x64
		{9DAFB178-2ED9-481D-ABF5-7E507A6D8FA2}.Debug|x64.Build.0 = Debug|x64
		{9DAFB178-2ED9-481D-ABF5-7E507A6D8FA2}.Debug|x86.ActiveCfg = Debug|x86
		{9DAFB178-2ED9-481D-ABF5-7E507A6D8FA2}.Debug|x86.Build.0 = Debug|x86
		{9DAFB178-2ED9-481D-ABF5-7E507A6D8FA2}.Release|Any CPU.ActiveCfg = Release|Any CPU
		{9DAFB178-2ED9-481D-ABF5-7E507A6D8FA2}.Release|Any CPU.Build.0 = Release|Any CPU
		{9DAFB178-2ED9-481D-ABF5-7E507A6D8FA2}.Release|x64.ActiveCfg = Release|x64
		{9DAFB178-2ED9-481D-ABF5-7E507A6D8FA2}.Release|x64.Build.0 = Release|x64
		{9DAFB178-2ED9-481D-ABF5-7E507A6D8FA2}.Release|x86.ActiveCfg = Release|x86
		{9DAFB178-2ED9-481D-ABF5-7E507A6D8FA2}.Release|x86.Build.0 = Release|x86
		{72088CFE-E623-4700-A2BD-7A9A32A50504}.Debug|Any CPU.ActiveCfg = Debug|Any CPU
		{72088CFE-E623-4700-A2BD-7A9A32A50504}.Debug|Any CPU.Build.0 = Debug|Any CPU
		{72088CFE-E623-4700-A2BD-7A9A32A50504}.Debug|x64.ActiveCfg = Debug|x64
		{72088CFE-E623-4700-A2BD-7A9A32A50504}.Debug|x64.Build.0 = Debug|x64
		{72088CFE-E623-4700-A2BD-7A9A32A50504}.Debug|x86.ActiveCfg = Debug|x86
		{72088CFE-E623-4700-A2BD-7A9A32A50504}.Debug|x86.Build.0 = Debug|x86
		{72088CFE-E623-4700-A2BD-7A9A32A50504}.Release|Any CPU.ActiveCfg = Release|Any CPU
		{72088CFE-E623-4700-A2BD-7A9A32A50504}.Release|Any CPU.Build.0 = Release|Any CPU
		{72088CFE-E623-4700-A2BD-7A9A32A50504}.Release|x64.ActiveCfg = Release|x64
		{72088CFE-E623-4700-A2BD-7A9A32A50504}.Release|x64.Build.0 = Release|x64
		{72088CFE-E623-4700-A2BD-7A9A32A50504}.Release|x86.ActiveCfg = Release|x86
		{72088CFE-E623-4700-A2BD-7A9A32A50504}.Release|x86.Build.0 = Release|x86
		{65E8ED2F-4788-4360-876F-44EECED58690}.Debug|Any CPU.ActiveCfg = Debug|Any CPU
		{65E8ED2F-4788-4360-876F-44EECED58690}.Debug|Any CPU.Build.0 = Debug|Any CPU
		{65E8ED2F-4788-4360-876F-44EECED58690}.Debug|x64.ActiveCfg = Debug|x64
		{65E8ED2F-4788-4360-876F-44EECED58690}.Debug|x64.Build.0 = Debug|x64
		{65E8ED2F-4788-4360-876F-44EECED58690}.Debug|x86.ActiveCfg = Debug|x86
		{65E8ED2F-4788-4360-876F-44EECED58690}.Debug|x86.Build.0 = Debug|x86
		{65E8ED2F-4788-4360-876F-44EECED58690}.Release|Any CPU.ActiveCfg = Release|Any CPU
		{65E8ED2F-4788-4360-876F-44EECED58690}.Release|Any CPU.Build.0 = Release|Any CPU
		{65E8ED2F-4788-4360-876F-44EECED58690}.Release|x64.ActiveCfg = Release|x64
		{65E8ED2F-4788-4360-876F-44EECED58690}.Release|x64.Build.0 = Release|x64
		{65E8ED2F-4788-4360-876F-44EECED58690}.Release|x86.ActiveCfg = Release|x86
		{65E8ED2F-4788-4360-876F-44EECED58690}.Release|x86.Build.0 = Release|x86
	EndGlobalSection
EndGlobal
